
Microsoft Visual Studio Solution File, Format Version 12.00
# Visual Studio Version 17
VisualStudioVersion = 17.13.35825.156
MinimumVisualStudioVersion = 10.0.40219.1
Project("{FAE04EC0-301F-11D3-BF4B-00C04F79EFBC}") = "Wavy", "Wavy\Wavy.csproj", "{B3D78770-3243-4616-989F-3060703EE55C}"
EndProject
Project("{FAE04EC0-301F-11D3-BF4B-00C04F79EFBC}") = "Server", "Server\Server.csproj", "{F746EB3E-65D2-49EF-B94F-6AA2F5B8278A}"
EndProject
Project("{FAE04EC0-301F-11D3-BF4B-00C04F79EFBC}") = "Aggregator", "Aggregator\Aggregator.csproj", "{0F22DA20-72FA-414E-8407-F2A509378662}"
EndProject
Global
	GlobalSection(SolutionConfigurationPlatforms) = preSolution
		Debug|Any CPU = Debug|Any CPU
		Release|Any CPU = Release|Any CPU
	EndGlobalSection
	GlobalSection(ProjectConfigurationPlatforms) = postSolution
		{B3D78770-3243-4616-989F-3060703EE55C}.Debug|Any CPU.ActiveCfg = Debug|Any CPU
		{B3D78770-3243-4616-989F-3060703EE55C}.Debug|Any CPU.Build.0 = Debug|Any CPU
		{B3D78770-3243-4616-989F-3060703EE55C}.Release|Any CPU.ActiveCfg = Release|Any CPU
		{B3D78770-3243-4616-989F-3060703EE55C}.Release|Any CPU.Build.0 = Release|Any CPU
		{F746EB3E-65D2-49EF-B94F-6AA2F5B8278A}.Debug|Any CPU.ActiveCfg = Debug|Any CPU
		{F746EB3E-65D2-49EF-B94F-6AA2F5B8278A}.Debug|Any CPU.Build.0 = Debug|Any CPU
		{F746EB3E-65D2-49EF-B94F-6AA2F5B8278A}.Release|Any CPU.ActiveCfg = Release|Any CPU
		{F746EB3E-65D2-49EF-B94F-6AA2F5B8278A}.Release|Any CPU.Build.0 = Release|Any CPU
		{0F22DA20-72FA-414E-8407-F2A509378662}.Debug|Any CPU.ActiveCfg = Debug|Any CPU
		{0F22DA20-72FA-414E-8407-F2A509378662}.Debug|Any CPU.Build.0 = Debug|Any CPU
		{0F22DA20-72FA-414E-8407-F2A509378662}.Release|Any CPU.ActiveCfg = Release|Any CPU
		{0F22DA20-72FA-414E-8407-F2A509378662}.Release|Any CPU.Build.0 = Release|Any CPU
	EndGlobalSection
	GlobalSection(SolutionProperties) = preSolution
		HideSolutionNode = FALSE
	EndGlobalSection
	GlobalSection(ExtensibilityGlobals) = postSolution
		SolutionGuid = {63326388-A622-49CB-B9E4-F50B5B621D8E}
	EndGlobalSection
EndGlobal
